
Microsoft Visual Studio Solution File, Format Version 12.00
# Visual Studio Version 16
VisualStudioVersion = 16.0.31424.327
MinimumVisualStudioVersion = 10.0.40219.1
Project("{FAE04EC0-301F-11D3-BF4B-00C04F79EFBC}") = "LocalizationExample", "LocalizationExample.csproj", "{9F519223-8D21-4553-89B7-08C3093C48D7}"
EndProject
Global
	GlobalSection(SolutionConfigurationPlatforms) = preSolution
		Debug|Any CPU = Debug|Any CPU
		Release|Any CPU = Release|Any CPU
	EndGlobalSection
	GlobalSection(ProjectConfigurationPlatforms) = postSolution
		{9F519223-8D21-4553-89B7-08C3093C48D7}.Debug|Any CPU.ActiveCfg = Debug|Any CPU
		{9F519223-8D21-4553-89B7-08C3093C48D7}.Debug|Any CPU.Build.0 = Debug|Any CPU
		{9F519223-8D21-4553-89B7-08C3093C48D7}.Release|Any CPU.ActiveCfg = Release|Any CPU
		{9F519223-8D21-4553-89B7-08C3093C48D7}.Release|Any CPU.Build.0 = Release|Any CPU
	EndGlobalSection
	GlobalSection(SolutionProperties) = preSolution
		HideSolutionNode = FALSE
	EndGlobalSection
	GlobalSection(ExtensibilityGlobals) = postSolution
		SolutionGuid = {F8627FAD-6164-4D95-8238-71CD0A056F10}
	EndGlobalSection
EndGlobal
